
Microsoft Visual Studio Solution File, Format Version 12.00
# Visual Studio Version 17
VisualStudioVersion = 17.13.35825.156
MinimumVisualStudioVersion = 10.0.40219.1
Project("{FAE04EC0-301F-11D3-BF4B-00C04F79EFBC}") = "Examen2", "Examen1\Examen1\Examen2.csproj", "{30F62BB0-8167-4A1E-87D4-97F18D41C3FD}"
EndProject
Global
	GlobalSection(SolutionConfigurationPlatforms) = preSolution
		Debug|Any CPU = Debug|Any CPU
		Release|Any CPU = Release|Any CPU
	EndGlobalSection
	GlobalSection(ProjectConfigurationPlatforms) = postSolution
		{30F62BB0-8167-4A1E-87D4-97F18D41C3FD}.Debug|Any CPU.ActiveCfg = Debug|Any CPU
		{30F62BB0-8167-4A1E-87D4-97F18D41C3FD}.Debug|Any CPU.Build.0 = Debug|Any CPU
		{30F62BB0-8167-4A1E-87D4-97F18D41C3FD}.Release|Any CPU.ActiveCfg = Release|Any CPU
		{30F62BB0-8167-4A1E-87D4-97F18D41C3FD}.Release|Any CPU.Build.0 = Release|Any CPU
	EndGlobalSection
	GlobalSection(SolutionProperties) = preSolution
		HideSolutionNode = FALSE
	EndGlobalSection
	GlobalSection(ExtensibilityGlobals) = postSolution
		SolutionGuid = {AA1BBBED-AB6B-4185-9A75-5792E7B9F694}
	EndGlobalSection
EndGlobal
